
Microsoft Visual Studio Solution File, Format Version 12.00
# Visual Studio 15
VisualStudioVersion = 15.0.27130.2027
MinimumVisualStudioVersion = 10.0.40219.1
Project("{FAE04EC0-301F-11D3-BF4B-00C04F79EFBC}") = "Homework_01", "ConsoleApp1\Homework_01.csproj", "{CD647C59-73BE-43C4-8E11-059E784C83EC}"
EndProject
Project("{FAE04EC0-301F-11D3-BF4B-00C04F79EFBC}") = "Homework_02", "Homework_02\Homework_02.csproj", "{274D3F4E-0EC9-4DA6-AA4E-C00EE414EEFA}"
EndProject
Project("{FAE04EC0-301F-11D3-BF4B-00C04F79EFBC}") = "Homework_02_bonus", "Homework_02_bonus\Homework_02_bonus.csproj", "{D2628010-7048-4F77-ABAF-1EDF5F7A2A78}"
EndProject
Global
	GlobalSection(SolutionConfigurationPlatforms) = preSolution
		Debug|Any CPU = Debug|Any CPU
		Release|Any CPU = Release|Any CPU
	EndGlobalSection
	GlobalSection(ProjectConfigurationPlatforms) = postSolution
		{CD647C59-73BE-43C4-8E11-059E784C83EC}.Debug|Any CPU.ActiveCfg = Debug|Any CPU
		{CD647C59-73BE-43C4-8E11-059E784C83EC}.Debug|Any CPU.Build.0 = Debug|Any CPU
		{CD647C59-73BE-43C4-8E11-059E784C83EC}.Release|Any CPU.ActiveCfg = Release|Any CPU
		{CD647C59-73BE-43C4-8E11-059E784C83EC}.Release|Any CPU.Build.0 = Release|Any CPU
		{274D3F4E-0EC9-4DA6-AA4E-C00EE414EEFA}.Debug|Any CPU.ActiveCfg = Debug|Any CPU
		{274D3F4E-0EC9-4DA6-AA4E-C00EE414EEFA}.Debug|Any CPU.Build.0 = Debug|Any CPU
		{274D3F4E-0EC9-4DA6-AA4E-C00EE414EEFA}.Release|Any CPU.ActiveCfg = Release|Any CPU
		{274D3F4E-0EC9-4DA6-AA4E-C00EE414EEFA}.Release|Any CPU.Build.0 = Release|Any CPU
		{D2628010-7048-4F77-ABAF-1EDF5F7A2A78}.Debug|Any CPU.ActiveCfg = Debug|Any CPU
		{D2628010-7048-4F77-ABAF-1EDF5F7A2A78}.Debug|Any CPU.Build.0 = Debug|Any CPU
		{D2628010-7048-4F77-ABAF-1EDF5F7A2A78}.Release|Any CPU.ActiveCfg = Release|Any CPU
		{D2628010-7048-4F77-ABAF-1EDF5F7A2A78}.Release|Any CPU.Build.0 = Release|Any CPU
	EndGlobalSection
	GlobalSection(SolutionProperties) = preSolution
		HideSolutionNode = FALSE
	EndGlobalSection
	GlobalSection(ExtensibilityGlobals) = postSolution
		SolutionGuid = {91891E9D-73CD-400D-B5EE-B574A5F16675}
	EndGlobalSection
EndGlobal
